
Microsoft Visual Studio Solution File, Format Version 12.00
# Visual Studio 15
VisualStudioVersion = 15.0.28307.1082
MinimumVisualStudioVersion = 10.0.40219.1
Project("{E24C65DC-7377-472B-9ABA-BC803B73C61A}") = "ClothesManagement", "ClothesManagement\", "{20436785-4B45-4257-B001-7F4D69B586A7}"
	ProjectSection(WebsiteProperties) = preProject
		TargetFrameworkMoniker = ".NETFramework,Version%3Dv4.6.1"
		Debug.AspNetCompiler.VirtualPath = "/localhost_2587"
		Debug.AspNetCompiler.PhysicalPath = "ClothesManagement\"
		Debug.AspNetCompiler.TargetPath = "PrecompiledWeb\localhost_2587\"
		Debug.AspNetCompiler.Updateable = "true"
		Debug.AspNetCompiler.ForceOverwrite = "true"
		Debug.AspNetCompiler.FixedNames = "false"
		Debug.AspNetCompiler.Debug = "True"
		Release.AspNetCompiler.VirtualPath = "/localhost_2587"
		Release.AspNetCompiler.PhysicalPath = "ClothesManagement\"
		Release.AspNetCompiler.TargetPath = "PrecompiledWeb\localhost_2587\"
		Release.AspNetCompiler.Updateable = "true"
		Release.AspNetCompiler.ForceOverwrite = "true"
		Release.AspNetCompiler.FixedNames = "false"
		Release.AspNetCompiler.Debug = "False"
		VWDPort = "2587"
		SlnRelativePath = "ClothesManagement\"
		DefaultWebSiteLanguage = "Visual C#"
	EndProjectSection
EndProject
Global
	GlobalSection(SolutionConfigurationPlatforms) = preSolution
		Debug|Any CPU = Debug|Any CPU
	EndGlobalSection
	GlobalSection(ProjectConfigurationPlatforms) = postSolution
		{20436785-4B45-4257-B001-7F4D69B586A7}.Debug|Any CPU.ActiveCfg = Debug|Any CPU
		{20436785-4B45-4257-B001-7F4D69B586A7}.Debug|Any CPU.Build.0 = Debug|Any CPU
	EndGlobalSection
	GlobalSection(SolutionProperties) = preSolution
		HideSolutionNode = FALSE
	EndGlobalSection
	GlobalSection(ExtensibilityGlobals) = postSolution
		SolutionGuid = {3B085D22-FB6A-4AAB-A99D-BF71019A1266}
	EndGlobalSection
EndGlobal
